
Microsoft Visual Studio Solution File, Format Version 12.00
# Visual Studio Version 16
VisualStudioVersion = 16.0.31005.135
MinimumVisualStudioVersion = 10.0.40219.1
Project("{FAE04EC0-301F-11D3-BF4B-00C04F79EFBC}") = "oefening ifelse", "oefening ifelse\oefening ifelse.csproj", "{18482C48-B0AD-49B7-B57A-649C33F68343}"
EndProject
Global
	GlobalSection(SolutionConfigurationPlatforms) = preSolution
		Debug|Any CPU = Debug|Any CPU
		Release|Any CPU = Release|Any CPU
	EndGlobalSection
	GlobalSection(ProjectConfigurationPlatforms) = postSolution
		{18482C48-B0AD-49B7-B57A-649C33F68343}.Debug|Any CPU.ActiveCfg = Debug|Any CPU
		{18482C48-B0AD-49B7-B57A-649C33F68343}.Debug|Any CPU.Build.0 = Debug|Any CPU
		{18482C48-B0AD-49B7-B57A-649C33F68343}.Release|Any CPU.ActiveCfg = Release|Any CPU
		{18482C48-B0AD-49B7-B57A-649C33F68343}.Release|Any CPU.Build.0 = Release|Any CPU
	EndGlobalSection
	GlobalSection(SolutionProperties) = preSolution
		HideSolutionNode = FALSE
	EndGlobalSection
	GlobalSection(ExtensibilityGlobals) = postSolution
		SolutionGuid = {B7374D49-BDFD-4E8E-BD87-9C1917E3F393}
	EndGlobalSection
EndGlobal
